{
    "_readme": [
        "This file locks the dependencies of your project to a known state",
        "Read more about it at https://getcomposer.org/doc/01-basic-usage.md#composer-lock-the-lock-file",
        "This file is @generated automatically"
    ],
    "hash": "ca131f1c7770fbfcd099f2d3cbf9bed5",
    "packages": [
        {
            "name": "robrichards/xmlseclibs",
            "version": "1.3.3",
            "source": {
                "type": "git",
                "url": "https://github.com/robrichards/xmlseclibs.git",
                "reference": "c5a614814dac936438ae8eb57192499edf1b8761"
            },
            "dist": {
                "type": "zip",
                "url": "https://api.github.com/repos/robrichards/xmlseclibs/zipball/c5a614814dac936438ae8eb57192499edf1b8761",
                "reference": "c5a614814dac936438ae8eb57192499edf1b8761",
                "shasum": ""
            },
            "suggest": {
                "ext/mcrypt": "MCrypt extension",
                "ext/openssl": "OpenSSL extension"
            },
            "type": "library",
            "autoload": {
                "files": [
                    "xmlseclibs.php"
                ]
            },
            "notification-url": "https://packagist.org/downloads/",
            "license": [
                "BSD-3-Clause"
            ],
            "description": "A PHP library for XML Security",
            "homepage": "https://github.com/robrichards/xmlseclibs",
            "keywords": [
                "security",
                "signature",
                "xml",
                "xmldsig"
            ],
            "time": "2015-06-02 12:18:33"
        }
    ],
    "packages-dev": [],
    "aliases": [],
    "minimum-stability": "stable",
    "stability-flags": [],
    "prefer-stable": false,
    "prefer-lowest": false,
    "platform": {
        "php": ">=5.3.5"
    },
    "platform-dev": []
}
